// !$*UTF8*$!
{
	archiveVersion = 1;
	classes = {
	};
	objectVersion = 50;
	objects = {

/* Begin PBXBuildFile section */
		180A6C9C22F4C9540046E330 /* AppDelegate.swift in Sources */ = {isa = PBXBuildFile; fileRef = 180A6C9B22F4C9540046E330 /* AppDelegate.swift */; };
		180A6C9E22F4C9540046E330 /* GameScene.sks in Resources */ = {isa = PBXBuildFile; fileRef = 180A6C9D22F4C9540046E330 /* GameScene.sks */; };
		180A6CA222F4C9540046E330 /* GameScene.swift in Sources */ = {isa = PBXBuildFile; fileRef = 180A6CA122F4C9540046E330 /* GameScene.swift */; };
		180A6CA422F4C9540046E330 /* GameViewController.swift in Sources */ = {isa = PBXBuildFile; fileRef = 180A6CA322F4C9540046E330 /* GameViewController.swift */; };
		180A6CA722F4C9540046E330 /* Main.storyboard in Resources */ = {isa = PBXBuildFile; fileRef = 180A6CA522F4C9540046E330 /* Main.storyboard */; };
		180A6CA922F4C9550046E330 /* Assets.xcassets in Resources */ = {isa = PBXBuildFile; fileRef = 180A6CA822F4C9550046E330 /* Assets.xcassets */; };
		180A6CAC22F4C9550046E330 /* LaunchScreen.storyboard in Resources */ = {isa = PBXBuildFile; fileRef = 180A6CAA22F4C9550046E330 /* LaunchScreen.storyboard */; };
		182B6C8D2300569E001AC480 /* LevelTwo.sks in Resources */ = {isa = PBXBuildFile; fileRef = 182B6C8C2300569E001AC480 /* LevelTwo.sks */; };
		182D9C7723022FC2004C3424 /* Acceleration.swift in Sources */ = {isa = PBXBuildFile; fileRef = 182D9C7623022FC2004C3424 /* Acceleration.swift */; };
		1862F81622F66A9C009591BE /* ScoreAndLevel.swift in Sources */ = {isa = PBXBuildFile; fileRef = 1862F81522F66A9C009591BE /* ScoreAndLevel.swift */; };
		1878350B2301C517004AAF7D /* LevelTwo.swift in Sources */ = {isa = PBXBuildFile; fileRef = 1878350A2301C517004AAF7D /* LevelTwo.swift */; };
		18A36ABB22FE1FB100B41952 /* SmokeThrust.sks in Resources */ = {isa = PBXBuildFile; fileRef = 18A36ABA22FE1FB100B41952 /* SmokeThrust.sks */; };
		18A36ABF22FE1FBA00B41952 /* TreeFire.sks in Resources */ = {isa = PBXBuildFile; fileRef = 18A36ABC22FE1FBA00B41952 /* TreeFire.sks */; };
		18A36AC022FE1FBA00B41952 /* TowerFireExplosion.sks in Resources */ = {isa = PBXBuildFile; fileRef = 18A36ABD22FE1FBA00B41952 /* TowerFireExplosion.sks */; };
		18A36AC122FE1FBA00B41952 /* GroundImpact.sks in Resources */ = {isa = PBXBuildFile; fileRef = 18A36ABE22FE1FBA00B41952 /* GroundImpact.sks */; };
/* End PBXBuildFile section */

/* Begin PBXFileReference section */
		180A6C9822F4C9540046E330 /* The Plane Game.app */ = {isa = PBXFileReference; explicitFileType = wrapper.application; includeInIndex = 0; path = "The Plane Game.app"; sourceTree = BUILT_PRODUCTS_DIR; };
		180A6C9B22F4C9540046E330 /* AppDelegate.swift */ = {isa = PBXFileReference; lastKnownFileType = sourcecode.swift; path = AppDelegate.swift; sourceTree = "<group>"; };
		180A6C9D22F4C9540046E330 /* GameScene.sks */ = {isa = PBXFileReference; lastKnownFileType = file.sks; path = GameScene.sks; sourceTree = "<group>"; };
		180A6CA122F4C9540046E330 /* GameScene.swift */ = {isa = PBXFileReference; lastKnownFileType = sourcecode.swift; path = GameScene.swift; sourceTree = "<group>"; };
		180A6CA322F4C9540046E330 /* GameViewController.swift */ = {isa = PBXFileReference; lastKnownFileType = sourcecode.swift; path = GameViewController.swift; sourceTree = "<group>"; };
		180A6CA622F4C9540046E330 /* Base */ = {isa = PBXFileReference; lastKnownFileType = file.storyboard; name = Base; path = Base.lproj/Main.storyboard; sourceTree = "<group>"; };
		180A6CA822F4C9550046E330 /* Assets.xcassets */ = {isa = PBXFileReference; lastKnownFileType = folder.assetcatalog; path = Assets.xcassets; sourceTree = "<group>"; };
		180A6CAB22F4C9550046E330 /* Base */ = {isa = PBXFileReference; lastKnownFileType = file.storyboard; name = Base; path = Base.lproj/LaunchScreen.storyboard; sourceTree = "<group>"; };
		180A6CAD22F4C9550046E330 /* Info.plist */ = {isa = PBXFileReference; lastKnownFileType = text.plist.xml; path = Info.plist; sourceTree = "<group>"; };
		182B6C8C2300569E001AC480 /* LevelTwo.sks */ = {isa = PBXFileReference; lastKnownFileType = file.sks; path = LevelTwo.sks; sourceTree = "<group>"; };
		182D9C7623022FC2004C3424 /* Acceleration.swift */ = {isa = PBXFileReference; lastKnownFileType = sourcecode.swift; path = Acceleration.swift; sourceTree = "<group>"; };
		1862F81522F66A9C009591BE /* ScoreAndLevel.swift */ = {isa = PBXFileReference; lastKnownFileType = sourcecode.swift; path = ScoreAndLevel.swift; sourceTree = "<group>"; };
		1878350A2301C517004AAF7D /* LevelTwo.swift */ = {isa = PBXFileReference; lastKnownFileType = sourcecode.swift; path = LevelTwo.swift; sourceTree = "<group>"; };
		18A36ABA22FE1FB100B41952 /* SmokeThrust.sks */ = {isa = PBXFileReference; lastKnownFileType = file.sks; path = SmokeThrust.sks; sourceTree = "<group>"; };
		18A36ABC22FE1FBA00B41952 /* TreeFire.sks */ = {isa = PBXFileReference; lastKnownFileType = file.sks; path = TreeFire.sks; sourceTree = "<group>"; };
		18A36ABD22FE1FBA00B41952 /* TowerFireExplosion.sks */ = {isa = PBXFileReference; lastKnownFileType = file.sks; path = TowerFireExplosion.sks; sourceTree = "<group>"; };
		18A36ABE22FE1FBA00B41952 /* GroundImpact.sks */ = {isa = PBXFileReference; lastKnownFileType = file.sks; path = GroundImpact.sks; sourceTree = "<group>"; };
/* End PBXFileReference section */

/* Begin PBXFrameworksBuildPhase section */
		180A6C9522F4C9540046E330 /* Frameworks */ = {
			isa = PBXFrameworksBuildPhase;
			buildActionMask = 2147483647;
			files = (
			);
			runOnlyForDeploymentPostprocessing = 0;
		};
/* End PBXFrameworksBuildPhase section */

/* Begin PBXGroup section */
		180A6C8F22F4C9540046E330 = {
			isa = PBXGroup;
			children = (
				180A6C9A22F4C9540046E330 /* The Plane Game */,
				180A6C9922F4C9540046E330 /* Products */,
			);
			sourceTree = "<group>";
		};
		180A6C9922F4C9540046E330 /* Products */ = {
			isa = PBXGroup;
			children = (
				180A6C9822F4C9540046E330 /* The Plane Game.app */,
			);
			name = Products;
			sourceTree = "<group>";
		};
		180A6C9A22F4C9540046E330 /* The Plane Game */ = {
			isa = PBXGroup;
			children = (
				180A6C9B22F4C9540046E330 /* AppDelegate.swift */,
				1862F81422F66A69009591BE /* Level Scenes */,
				18A36AB922FE1F8D00B41952 /* Particle Files */,
				1862F81522F66A9C009591BE /* ScoreAndLevel.swift */,
				182D9C7623022FC2004C3424 /* Acceleration.swift */,
				1878350A2301C517004AAF7D /* LevelTwo.swift */,
				180A6CA122F4C9540046E330 /* GameScene.swift */,
				180A6CA322F4C9540046E330 /* GameViewController.swift */,
				180A6CA522F4C9540046E330 /* Main.storyboard */,
				180A6CA822F4C9550046E330 /* Assets.xcassets */,
				180A6CAA22F4C9550046E330 /* LaunchScreen.storyboard */,
				180A6CAD22F4C9550046E330 /* Info.plist */,
			);
			path = "The Plane Game";
			sourceTree = "<group>";
		};
		1862F81422F66A69009591BE /* Level Scenes */ = {
			isa = PBXGroup;
			children = (
				180A6C9D22F4C9540046E330 /* GameScene.sks */,
				182B6C8C2300569E001AC480 /* LevelTwo.sks */,
			);
			path = "Level Scenes";
			sourceTree = "<group>";
		};
		18A36AB922FE1F8D00B41952 /* Particle Files */ = {
			isa = PBXGroup;
			children = (
				18A36ABA22FE1FB100B41952 /* SmokeThrust.sks */,
				18A36ABE22FE1FBA00B41952 /* GroundImpact.sks */,
				18A36ABD22FE1FBA00B41952 /* TowerFireExplosion.sks */,
				18A36ABC22FE1FBA00B41952 /* TreeFire.sks */,
			);
			path = "Particle Files";
			sourceTree = "<group>";
		};
/* End PBXGroup section */

/* Begin PBXNativeTarget section */
		180A6C9722F4C9540046E330 /* The Plane Game */ = {
			isa = PBXNativeTarget;
			buildConfigurationList = 180A6CB022F4C9550046E330 /* Build configuration list for PBXNativeTarget "The Plane Game" */;
			buildPhases = (
				180A6C9422F4C9540046E330 /* Sources */,
				180A6C9522F4C9540046E330 /* Frameworks */,
				180A6C9622F4C9540046E330 /* Resources */,
			);
			buildRules = (
			);
			dependencies = (
			);
			name = "The Plane Game";
			productName = "The Plane Game";
			productReference = 180A6C9822F4C9540046E330 /* The Plane Game.app */;
			productType = "com.apple.product-type.application";
		};
/* End PBXNativeTarget section */

/* Begin PBXProject section */
		180A6C9022F4C9540046E330 /* Project object */ = {
			isa = PBXProject;
			attributes = {
				LastSwiftUpdateCheck = 1100;
				LastUpgradeCheck = 1100;
				ORGANIZATIONNAME = "Impulse Coupled Dev";
				TargetAttributes = {
					180A6C9722F4C9540046E330 = {
						CreatedOnToolsVersion = 11.0;
					};
				};
			};
			buildConfigurationList = 180A6C9322F4C9540046E330 /* Build configuration list for PBXProject "The Plane Game" */;
			compatibilityVersion = "Xcode 9.3";
			developmentRegion = en;
			hasScannedForEncodings = 0;
			knownRegions = (
				en,
				Base,
			);
			mainGroup = 180A6C8F22F4C9540046E330;
			productRefGroup = 180A6C9922F4C9540046E330 /* Products */;
			projectDirPath = "";
			projectRoot = "";
			targets = (
				180A6C9722F4C9540046E330 /* The Plane Game */,
			);
		};
/* End PBXProject section */

/* Begin PBXResourcesBuildPhase section */
		180A6C9622F4C9540046E330 /* Resources */ = {
			isa = PBXResourcesBuildPhase;
			buildActionMask = 2147483647;
			files = (
				180A6CA722F4C9540046E330 /* Main.storyboard in Resources */,
				18A36AC022FE1FBA00B41952 /* TowerFireExplosion.sks in Resources */,
				180A6C9E22F4C9540046E330 /* GameScene.sks in Resources */,
				18A36ABB22FE1FB100B41952 /* SmokeThrust.sks in Resources */,
				18A36AC122FE1FBA00B41952 /* GroundImpact.sks in Resources */,
				18A36ABF22FE1FBA00B41952 /* TreeFire.sks in Resources */,
				180A6CA922F4C9550046E330 /* Assets.xcassets in Resources */,
				182B6C8D2300569E001AC480 /* LevelTwo.sks in Resources */,
				180A6CAC22F4C9550046E330 /* LaunchScreen.storyboard in Resources */,
			);
			runOnlyForDeploymentPostprocessing = 0;
		};
/* End PBXResourcesBuildPhase section */

/* Begin PBXSourcesBuildPhase section */
		180A6C9422F4C9540046E330 /* Sources */ = {
			isa = PBXSourcesBuildPhase;
			buildActionMask = 2147483647;
			files = (
				1862F81622F66A9C009591BE /* ScoreAndLevel.swift in Sources */,
				182D9C7723022FC2004C3424 /* Acceleration.swift in Sources */,
				180A6CA222F4C9540046E330 /* GameScene.swift in Sources */,
				180A6CA422F4C9540046E330 /* GameViewController.swift in Sources */,
				1878350B2301C517004AAF7D /* LevelTwo.swift in Sources */,
				180A6C9C22F4C9540046E330 /* AppDelegate.swift in Sources */,
			);
			runOnlyForDeploymentPostprocessing = 0;
		};
/* End PBXSourcesBuildPhase section */

/* Begin PBXVariantGroup section */
		180A6CA522F4C9540046E330 /* Main.storyboard */ = {
			isa = PBXVariantGroup;
			children = (
				180A6CA622F4C9540046E330 /* Base */,
			);
			name = Main.storyboard;
			sourceTree = "<group>";
		};
		180A6CAA22F4C9550046E330 /* LaunchScreen.storyboard */ = {
			isa = PBXVariantGroup;
			children = (
				180A6CAB22F4C9550046E330 /* Base */,
			);
			name = LaunchScreen.storyboard;
			sourceTree = "<group>";
		};
/* End PBXVariantGroup section */

/* Begin XCBuildConfiguration section */
		180A6CAE22F4C9550046E330 /* Debug */ = {
			isa = XCBuildConfiguration;
			buildSettings = {
				ALWAYS_SEARCH_USER_PATHS = NO;
				CLANG_ANALYZER_NONNULL = YES;
				CLANG_ANALYZER_NUMBER_OBJECT_CONVERSION = YES_AGGRESSIVE;
				CLANG_CXX_LANGUAGE_STANDARD = "gnu++14";
				CLANG_CXX_LIBRARY = "libc++";
				CLANG_ENABLE_MODULES = YES;
				CLANG_ENABLE_OBJC_ARC = YES;
				CLANG_ENABLE_OBJC_WEAK = YES;
				CLANG_WARN_BLOCK_CAPTURE_AUTORELEASING = YES;
				CLANG_WARN_BOOL_CONVERSION = YES;
				CLANG_WARN_COMMA = YES;
				CLANG_WARN_CONSTANT_CONVERSION = YES;
				CLANG_WARN_DEPRECATED_OBJC_IMPLEMENTATIONS = YES;
				CLANG_WARN_DIRECT_OBJC_ISA_USAGE = YES_ERROR;
				CLANG_WARN_DOCUMENTATION_COMMENTS = YES;
				CLANG_WARN_EMPTY_BODY = YES;
				CLANG_WARN_ENUM_CONVERSION = YES;
				CLANG_WARN_INFINITE_RECURSION = YES;
				CLANG_WARN_INT_CONVERSION = YES;
				CLANG_WARN_NON_LITERAL_NULL_CONVERSION = YES;
				CLANG_WARN_OBJC_IMPLICIT_RETAIN_SELF = YES;
				CLANG_WARN_OBJC_LITERAL_CONVERSION = YES;
				CLANG_WARN_OBJC_ROOT_CLASS = YES_ERROR;
				CLANG_WARN_RANGE_LOOP_ANALYSIS = YES;
				CLANG_WARN_STRICT_PROTOTYPES = YES;
				CLANG_WARN_SUSPICIOUS_MOVE = YES;
				CLANG_WARN_UNGUARDED_AVAILABILITY = YES_AGGRESSIVE;
				CLANG_WARN_UNREACHABLE_CODE = YES;
				CLANG_WARN__DUPLICATE_METHOD_MATCH = YES;
				COPY_PHASE_STRIP = NO;
				DEBUG_INFORMATION_FORMAT = dwarf;
				ENABLE_STRICT_OBJC_MSGSEND = YES;
				ENABLE_TESTABILITY = YES;
				GCC_C_LANGUAGE_STANDARD = gnu11;
				GCC_DYNAMIC_NO_PIC = NO;
				GCC_NO_COMMON_BLOCKS = YES;
				GCC_OPTIMIZATION_LEVEL = 0;
				GCC_PREPROCESSOR_DEFINITIONS = (
					"DEBUG=1",
					"$(inherited)",
				);
				GCC_WARN_64_TO_32_BIT_CONVERSION = YES;
				GCC_WARN_ABOUT_RETURN_TYPE = YES_ERROR;
				GCC_WARN_UNDECLARED_SELECTOR = YES;
				GCC_WARN_UNINITIALIZED_AUTOS = YES_AGGRESSIVE;
				GCC_WARN_UNUSED_FUNCTION = YES;
				GCC_WARN_UNUSED_VARIABLE = YES;
				IPHONEOS_DEPLOYMENT_TARGET = 13.0;
				MTL_ENABLE_DEBUG_INFO = INCLUDE_SOURCE;
				MTL_FAST_MATH = YES;
				ONLY_ACTIVE_ARCH = YES;
				SDKROOT = iphoneos;
				SWIFT_ACTIVE_COMPILATION_CONDITIONS = DEBUG;
				SWIFT_OPTIMIZATION_LEVEL = "-Onone";
			};
			name = Debug;
		};
		180A6CAF22F4C9550046E330 /* Release */ = {
			isa = XCBuildConfiguration;
			buildSettings = {
				ALWAYS_SEARCH_USER_PATHS = NO;
				CLANG_ANALYZER_NONNULL = YES;
				CLANG_ANALYZER_NUMBER_OBJECT_CONVERSION = YES_AGGRESSIVE;
				CLANG_CXX_LANGUAGE_STANDARD = "gnu++14";
				CLANG_CXX_LIBRARY = "libc++";
				CLANG_ENABLE_MODULES = YES;
				CLANG_ENABLE_OBJC_ARC = YES;
				CLANG_ENABLE_OBJC_WEAK = YES;
				CLANG_WARN_BLOCK_CAPTURE_AUTORELEASING = YES;
				CLANG_WARN_BOOL_CONVERSION = YES;
				CLANG_WARN_COMMA = YES;
				CLANG_WARN_CONSTANT_CONVERSION = YES;
				CLANG_WARN_DEPRECATED_OBJC_IMPLEMENTATIONS = YES;
				CLANG_WARN_DIRECT_OBJC_ISA_USAGE = YES_ERROR;
				CLANG_WARN_DOCUMENTATION_COMMENTS = YES;
				CLANG_WARN_EMPTY_BODY = YES;
				CLANG_WARN_ENUM_CONVERSION = YES;
				CLANG_WARN_INFINITE_RECURSION = YES;
				CLANG_WARN_INT_CONVERSION = YES;
				CLANG_WARN_NON_LITERAL_NULL_CONVERSION = YES;
				CLANG_WARN_OBJC_IMPLICIT_RETAIN_SELF = YES;
				CLANG_WARN_OBJC_LITERAL_CONVERSION = YES;
				CLANG_WARN_OBJC_ROOT_CLASS = YES_ERROR;
				CLANG_WARN_RANGE_LOOP_ANALYSIS = YES;
				CLANG_WARN_STRICT_PROTOTYPES = YES;
				CLANG_WARN_SUSPICIOUS_MOVE = YES;
				CLANG_WARN_UNGUARDED_AVAILABILITY = YES_AGGRESSIVE;
				CLANG_WARN_UNREACHABLE_CODE = YES;
				CLANG_WARN__DUPLICATE_METHOD_MATCH = YES;
				COPY_PHASE_STRIP = NO;
				DEBUG_INFORMATION_FORMAT = "dwarf-with-dsym";
				ENABLE_NS_ASSERTIONS = NO;
				ENABLE_STRICT_OBJC_MSGSEND = YES;
				GCC_C_LANGUAGE_STANDARD = gnu11;
				GCC_NO_COMMON_BLOCKS = YES;
				GCC_WARN_64_TO_32_BIT_CONVERSION = YES;
				GCC_WARN_ABOUT_RETURN_TYPE = YES_ERROR;
				GCC_WARN_UNDECLARED_SELECTOR = YES;
				GCC_WARN_UNINITIALIZED_AUTOS = YES_AGGRESSIVE;
				GCC_WARN_UNUSED_FUNCTION = YES;
				GCC_WARN_UNUSED_VARIABLE = YES;
				IPHONEOS_DEPLOYMENT_TARGET = 13.0;
				MTL_ENABLE_DEBUG_INFO = NO;
				MTL_FAST_MATH = YES;
				SDKROOT = iphoneos;
				SWIFT_COMPILATION_MODE = wholemodule;
				SWIFT_OPTIMIZATION_LEVEL = "-O";
				VALIDATE_PRODUCT = YES;
			};
			name = Release;
		};
		180A6CB122F4C9550046E330 /* Debug */ = {
			isa = XCBuildConfiguration;
			buildSettings = {
				ASSETCATALOG_COMPILER_APPICON_NAME = AppIcon;
				CODE_SIGN_STYLE = Automatic;
				DEVELOPMENT_TEAM = 4Q332864D3;
				INFOPLIST_FILE = "The Plane Game/Info.plist";
				IPHONEOS_DEPLOYMENT_TARGET = 12.4;
				LD_RUNPATH_SEARCH_PATHS = (
					"$(inherited)",
					"@executable_path/Frameworks",
				);
				PRODUCT_BUNDLE_IDENTIFIER = "ImpulseCoupledDevelopment.The-Plane-Game";
				PRODUCT_NAME = "$(TARGET_NAME)";
				SWIFT_VERSION = 5.0;
				TARGETED_DEVICE_FAMILY = "1,2";
			};
			name = Debug;
		};
		180A6CB222F4C9550046E330 /* Release */ = {
			isa = XCBuildConfiguration;
			buildSettings = {
				ASSETCATALOG_COMPILER_APPICON_NAME = AppIcon;
				CODE_SIGN_STYLE = Automatic;
				DEVELOPMENT_TEAM = 4Q332864D3;
				INFOPLIST_FILE = "The Plane Game/Info.plist";
				IPHONEOS_DEPLOYMENT_TARGET = 12.4;
				LD_RUNPATH_SEARCH_PATHS = (
					"$(inherited)",
					"@executable_path/Frameworks",
				);
				PRODUCT_BUNDLE_IDENTIFIER = "ImpulseCoupledDevelopment.The-Plane-Game";
				PRODUCT_NAME = "$(TARGET_NAME)";
				SWIFT_VERSION = 5.0;
				TARGETED_DEVICE_FAMILY = "1,2";
			};
			name = Release;
		};
/* End XCBuildConfiguration section */

/* Begin XCConfigurationList section */
		180A6C9322F4C9540046E330 /* Build configuration list for PBXProject "The Plane Game" */ = {
			isa = XCConfigurationList;
			buildConfigurations = (
				180A6CAE22F4C9550046E330 /* Debug */,
				180A6CAF22F4C9550046E330 /* Release */,
			);
			defaultConfigurationIsVisible = 0;
			defaultConfigurationName = Release;
		};
		180A6CB022F4C9550046E330 /* Build configuration list for PBXNativeTarget "The Plane Game" */ = {
			isa = XCConfigurationList;
			buildConfigurations = (
				180A6CB122F4C9550046E330 /* Debug */,
				180A6CB222F4C9550046E330 /* Release */,
			);
			defaultConfigurationIsVisible = 0;
			defaultConfigurationName = Release;
		};
/* End XCConfigurationList section */
	};
	rootObject = 180A6C9022F4C9540046E330 /* Project object */;
}
